
Microsoft Visual Studio Solution File, Format Version 12.00
# Visual Studio Version 16
VisualStudioVersion = 16.0.30413.136
MinimumVisualStudioVersion = 10.0.40219.1
Project("{FAE04EC0-301F-11D3-BF4B-00C04F79EFBC}") = "eShopSolution.WebApp", "eShopSolution.WebApp\eShopSolution.WebApp.csproj", "{021D9CA6-8C90-416A-828D-2D3CC1A080CD}"
EndProject
Project("{2150E333-8FDC-42A3-9474-1A3956D46DE8}") = "Solution Items", "Solution Items", "{DC55D35D-FF4B-4523-A7AC-1D6D689EDE04}"
	ProjectSection(SolutionItems) = preProject
		README.md = README.md
	EndProjectSection
EndProject
Project("{FAE04EC0-301F-11D3-BF4B-00C04F79EFBC}") = "eShopSolution.Data", "eShopSolution.Data\eShopSolution.Data.csproj", "{A0904358-58D6-46EE-A72C-5E66DE60455D}"
EndProject
Project("{FAE04EC0-301F-11D3-BF4B-00C04F79EFBC}") = "eShopSolution.Application", "eShopSolution.Application\eShopSolution.Application.csproj", "{6F089E44-92E4-4CD5-87CE-0828668B96B0}"
EndProject
Global
	GlobalSection(SolutionConfigurationPlatforms) = preSolution
		Debug|Any CPU = Debug|Any CPU
		Release|Any CPU = Release|Any CPU
	EndGlobalSection
	GlobalSection(ProjectConfigurationPlatforms) = postSolution
		{021D9CA6-8C90-416A-828D-2D3CC1A080CD}.Debug|Any CPU.ActiveCfg = Debug|Any CPU
		{021D9CA6-8C90-416A-828D-2D3CC1A080CD}.Debug|Any CPU.Build.0 = Debug|Any CPU
		{021D9CA6-8C90-416A-828D-2D3CC1A080CD}.Release|Any CPU.ActiveCfg = Release|Any CPU
		{021D9CA6-8C90-416A-828D-2D3CC1A080CD}.Release|Any CPU.Build.0 = Release|Any CPU
		{A0904358-58D6-46EE-A72C-5E66DE60455D}.Debug|Any CPU.ActiveCfg = Debug|Any CPU
		{A0904358-58D6-46EE-A72C-5E66DE60455D}.Debug|Any CPU.Build.0 = Debug|Any CPU
		{A0904358-58D6-46EE-A72C-5E66DE60455D}.Release|Any CPU.ActiveCfg = Release|Any CPU
		{A0904358-58D6-46EE-A72C-5E66DE60455D}.Release|Any CPU.Build.0 = Release|Any CPU
		{6F089E44-92E4-4CD5-87CE-0828668B96B0}.Debug|Any CPU.ActiveCfg = Debug|Any CPU
		{6F089E44-92E4-4CD5-87CE-0828668B96B0}.Debug|Any CPU.Build.0 = Debug|Any CPU
		{6F089E44-92E4-4CD5-87CE-0828668B96B0}.Release|Any CPU.ActiveCfg = Release|Any CPU
		{6F089E44-92E4-4CD5-87CE-0828668B96B0}.Release|Any CPU.Build.0 = Release|Any CPU
	EndGlobalSection
	GlobalSection(SolutionProperties) = preSolution
		HideSolutionNode = FALSE
	EndGlobalSection
	GlobalSection(ExtensibilityGlobals) = postSolution
		SolutionGuid = {5B0EF6DA-C3E0-4733-A793-6B12D1B6CF9F}
	EndGlobalSection
EndGlobal
