
Microsoft Visual Studio Solution File, Format Version 12.00
# Visual Studio Version 16
VisualStudioVersion = 16.0.30413.136
MinimumVisualStudioVersion = 10.0.40219.1
Project("{9A19103F-16F7-4668-BE54-9A1E7A4F7556}") = "eShopSolution.WebApp", "eShopSolution.WebApp\eShopSolution.WebApp.csproj", "{021D9CA6-8C90-416A-828D-2D3CC1A080CD}"
EndProject
Project("{2150E333-8FDC-42A3-9474-1A3956D46DE8}") = "0. Solution Items", "0. Solution Items", "{DC55D35D-FF4B-4523-A7AC-1D6D689EDE04}"
	ProjectSection(SolutionItems) = preProject
		README.md = README.md
	EndProjectSection
EndProject
Project("{9A19103F-16F7-4668-BE54-9A1E7A4F7556}") = "eShopSolution.Data", "eShopSolution.Data\eShopSolution.Data.csproj", "{A0904358-58D6-46EE-A72C-5E66DE60455D}"
EndProject
Project("{9A19103F-16F7-4668-BE54-9A1E7A4F7556}") = "eShopSolution.Application", "eShopSolution.Application\eShopSolution.Application.csproj", "{6F089E44-92E4-4CD5-87CE-0828668B96B0}"
EndProject
Project("{9A19103F-16F7-4668-BE54-9A1E7A4F7556}") = "eShopSolution.Utilities", "eShopSolution.Utilities\eShopSolution.Utilities.csproj", "{58DA9796-3B70-4675-AE16-9E52FB06D33C}"
EndProject
Project("{9A19103F-16F7-4668-BE54-9A1E7A4F7556}") = "eShopSolution.ViewModels", "eShopSolution.ViewModels\eShopSolution.ViewModels.csproj", "{8EA21FA3-8CEB-45A5-88D5-0EA2CF7DB6FA}"
EndProject
Project("{9A19103F-16F7-4668-BE54-9A1E7A4F7556}") = "eShopSolution.BackendApi", "eShopSolution.BackendApi\eShopSolution.BackendApi.csproj", "{D046DAC5-7264-4492-9B5B-AE7E97D6D944}"
EndProject
Project("{2150E333-8FDC-42A3-9474-1A3956D46DE8}") = "1. Infrastructure", "1. Infrastructure", "{8BE0E596-7BB1-4478-AB42-CD634CE6C47C}"
EndProject
Project("{2150E333-8FDC-42A3-9474-1A3956D46DE8}") = "2. Domain", "2. Domain", "{6055EA1F-475A-4603-A15A-3EF936DCB849}"
EndProject
Project("{2150E333-8FDC-42A3-9474-1A3956D46DE8}") = "3.Hosts", "3.Hosts", "{25A76528-2776-4908-8D10-21F07174D22D}"
EndProject
Global
	GlobalSection(SolutionConfigurationPlatforms) = preSolution
		Debug|Any CPU = Debug|Any CPU
		Release|Any CPU = Release|Any CPU
	EndGlobalSection
	GlobalSection(ProjectConfigurationPlatforms) = postSolution
		{021D9CA6-8C90-416A-828D-2D3CC1A080CD}.Debug|Any CPU.ActiveCfg = Debug|Any CPU
		{021D9CA6-8C90-416A-828D-2D3CC1A080CD}.Debug|Any CPU.Build.0 = Debug|Any CPU
		{021D9CA6-8C90-416A-828D-2D3CC1A080CD}.Release|Any CPU.ActiveCfg = Release|Any CPU
		{021D9CA6-8C90-416A-828D-2D3CC1A080CD}.Release|Any CPU.Build.0 = Release|Any CPU
		{A0904358-58D6-46EE-A72C-5E66DE60455D}.Debug|Any CPU.ActiveCfg = Debug|Any CPU
		{A0904358-58D6-46EE-A72C-5E66DE60455D}.Debug|Any CPU.Build.0 = Debug|Any CPU
		{A0904358-58D6-46EE-A72C-5E66DE60455D}.Release|Any CPU.ActiveCfg = Release|Any CPU
		{A0904358-58D6-46EE-A72C-5E66DE60455D}.Release|Any CPU.Build.0 = Release|Any CPU
		{6F089E44-92E4-4CD5-87CE-0828668B96B0}.Debug|Any CPU.ActiveCfg = Debug|Any CPU
		{6F089E44-92E4-4CD5-87CE-0828668B96B0}.Debug|Any CPU.Build.0 = Debug|Any CPU
		{6F089E44-92E4-4CD5-87CE-0828668B96B0}.Release|Any CPU.ActiveCfg = Release|Any CPU
		{6F089E44-92E4-4CD5-87CE-0828668B96B0}.Release|Any CPU.Build.0 = Release|Any CPU
		{58DA9796-3B70-4675-AE16-9E52FB06D33C}.Debug|Any CPU.ActiveCfg = Debug|Any CPU
		{58DA9796-3B70-4675-AE16-9E52FB06D33C}.Debug|Any CPU.Build.0 = Debug|Any CPU
		{58DA9796-3B70-4675-AE16-9E52FB06D33C}.Release|Any CPU.ActiveCfg = Release|Any CPU
		{58DA9796-3B70-4675-AE16-9E52FB06D33C}.Release|Any CPU.Build.0 = Release|Any CPU
		{8EA21FA3-8CEB-45A5-88D5-0EA2CF7DB6FA}.Debug|Any CPU.ActiveCfg = Debug|Any CPU
		{8EA21FA3-8CEB-45A5-88D5-0EA2CF7DB6FA}.Debug|Any CPU.Build.0 = Debug|Any CPU
		{8EA21FA3-8CEB-45A5-88D5-0EA2CF7DB6FA}.Release|Any CPU.ActiveCfg = Release|Any CPU
		{8EA21FA3-8CEB-45A5-88D5-0EA2CF7DB6FA}.Release|Any CPU.Build.0 = Release|Any CPU
		{D046DAC5-7264-4492-9B5B-AE7E97D6D944}.Debug|Any CPU.ActiveCfg = Debug|Any CPU
		{D046DAC5-7264-4492-9B5B-AE7E97D6D944}.Debug|Any CPU.Build.0 = Debug|Any CPU
		{D046DAC5-7264-4492-9B5B-AE7E97D6D944}.Release|Any CPU.ActiveCfg = Release|Any CPU
		{D046DAC5-7264-4492-9B5B-AE7E97D6D944}.Release|Any CPU.Build.0 = Release|Any CPU
	EndGlobalSection
	GlobalSection(SolutionProperties) = preSolution
		HideSolutionNode = FALSE
	EndGlobalSection
	GlobalSection(NestedProjects) = preSolution
		{021D9CA6-8C90-416A-828D-2D3CC1A080CD} = {25A76528-2776-4908-8D10-21F07174D22D}
		{A0904358-58D6-46EE-A72C-5E66DE60455D} = {6055EA1F-475A-4603-A15A-3EF936DCB849}
		{6F089E44-92E4-4CD5-87CE-0828668B96B0} = {6055EA1F-475A-4603-A15A-3EF936DCB849}
		{58DA9796-3B70-4675-AE16-9E52FB06D33C} = {8BE0E596-7BB1-4478-AB42-CD634CE6C47C}
		{8EA21FA3-8CEB-45A5-88D5-0EA2CF7DB6FA} = {8BE0E596-7BB1-4478-AB42-CD634CE6C47C}
		{D046DAC5-7264-4492-9B5B-AE7E97D6D944} = {25A76528-2776-4908-8D10-21F07174D22D}
	EndGlobalSection
	GlobalSection(ExtensibilityGlobals) = postSolution
		SolutionGuid = {5B0EF6DA-C3E0-4733-A793-6B12D1B6CF9F}
	EndGlobalSection
EndGlobal
